
Microsoft Visual Studio Solution File, Format Version 12.00
# Visual Studio Version 17
VisualStudioVersion = 17.5.33516.290
MinimumVisualStudioVersion = 10.0.40219.1
Project("{9A19103F-16F7-4668-BE54-9A1E7A4F7556}") = "PeterWongClientRestApi", "PeterWongClientRestApi\PeterWongClientRestApi.csproj", "{CD649ADA-08B6-4178-B314-28F771508498}"
EndProject
Project("{FAE04EC0-301F-11D3-BF4B-00C04F79EFBC}") = "PeterWongUnitTestProject", "PeterWongUnitTestProject\PeterWongUnitTestProject.csproj", "{05293B52-D4B2-4102-821A-50F4EE7B63FA}"
EndProject
Global
	GlobalSection(SolutionConfigurationPlatforms) = preSolution
		Debug|Any CPU = Debug|Any CPU
		Release|Any CPU = Release|Any CPU
	EndGlobalSection
	GlobalSection(ProjectConfigurationPlatforms) = postSolution
		{CD649ADA-08B6-4178-B314-28F771508498}.Debug|Any CPU.ActiveCfg = Debug|Any CPU
		{CD649ADA-08B6-4178-B314-28F771508498}.Debug|Any CPU.Build.0 = Debug|Any CPU
		{CD649ADA-08B6-4178-B314-28F771508498}.Release|Any CPU.ActiveCfg = Release|Any CPU
		{CD649ADA-08B6-4178-B314-28F771508498}.Release|Any CPU.Build.0 = Release|Any CPU
		{05293B52-D4B2-4102-821A-50F4EE7B63FA}.Debug|Any CPU.ActiveCfg = Debug|Any CPU
		{05293B52-D4B2-4102-821A-50F4EE7B63FA}.Debug|Any CPU.Build.0 = Debug|Any CPU
		{05293B52-D4B2-4102-821A-50F4EE7B63FA}.Release|Any CPU.ActiveCfg = Release|Any CPU
		{05293B52-D4B2-4102-821A-50F4EE7B63FA}.Release|Any CPU.Build.0 = Release|Any CPU
	EndGlobalSection
	GlobalSection(SolutionProperties) = preSolution
		HideSolutionNode = FALSE
	EndGlobalSection
	GlobalSection(ExtensibilityGlobals) = postSolution
		SolutionGuid = {8163EF45-8FD6-446D-AD44-80877A2E806B}
	EndGlobalSection
EndGlobal
